// !$*UTF8*$!
{
	archiveVersion = 1;
	classes = {
	};
	objectVersion = 77;
	objects = {

/* Begin PBXBuildFile section */
		3511992E2ED1A8D9006A695B /* thisisAwesome! Watch App.app in Embed Watch Content */ = {isa = PBXBuildFile; fileRef = 3511992D2ED1A8D9006A695B /* thisisAwesome! Watch App.app */; settings = {ATTRIBUTES = (RemoveHeadersOnCopy, ); }; };
		35FA8A682ED2EE5F00859470 /* Accelerate.framework in Frameworks */ = {isa = PBXBuildFile; fileRef = 35FA8A662ED2EE5600859470 /* Accelerate.framework */; };
		35FA8A6E2ED2EEAE00859470 /* HealthKit.framework in Frameworks */ = {isa = PBXBuildFile; fileRef = 35FA8A6D2ED2EEAE00859470 /* HealthKit.framework */; };
		B1D9E0213E9D4E5BB7D3F001 /* thisisAwesome_iOSApp.swift in Sources */ = {isa = PBXBuildFile; fileRef = B1D9E0023E9D4E5BB7D3F001 /* thisisAwesome_iOSApp.swift */; };
		B1D9E0223E9D4E5BB7D3F001 /* ContentView.swift in Sources */ = {isa = PBXBuildFile; fileRef = B1D9E0033E9D4E5BB7D3F001 /* ContentView.swift */; };
		B1D9E0233E9D4E5BB7D3F001 /* DiveSummary.swift in Sources */ = {isa = PBXBuildFile; fileRef = B1D9E0043E9D4E5BB7D3F001 /* DiveSummary.swift */; };
		B1D9E0243E9D4E5BB7D3F001 /* PhoneConnectivityManager.swift in Sources */ = {isa = PBXBuildFile; fileRef = B1D9E0053E9D4E5BB7D3F001 /* PhoneConnectivityManager.swift */; };
		B1D9E0253E9D4E5BB7D3F001 /* Assets.xcassets in Resources */ = {isa = PBXBuildFile; fileRef = B1D9E0073E9D4E5BB7D3F001 /* Assets.xcassets */; };
/* End PBXBuildFile section */

/* Begin PBXContainerItemProxy section */
		3511992F2ED1A8D9006A695B /* PBXContainerItemProxy */ = {
			isa = PBXContainerItemProxy;
			containerPortal = 351199212ED1A8D8006A695B /* Project object */;
			proxyType = 1;
			remoteGlobalIDString = 3511992C2ED1A8D9006A695B;
			remoteInfo = "thisisAwesome! Watch App";
		};
/* End PBXContainerItemProxy section */

/* Begin PBXCopyFilesBuildPhase section */
		3511993D2ED1A8DB006A695B /* Embed Watch Content */ = {
			isa = PBXCopyFilesBuildPhase;
			buildActionMask = 2147483647;
			dstPath = "$(CONTENTS_FOLDER_PATH)/Watch";
			dstSubfolderSpec = 16;
			files = (
				3511992E2ED1A8D9006A695B /* thisisAwesome! Watch App.app in Embed Watch Content */,
			);
			name = "Embed Watch Content";
			runOnlyForDeploymentPostprocessing = 0;
		};
/* End PBXCopyFilesBuildPhase section */

/* Begin PBXFileReference section */
		351199272ED1A8D9006A695B /* thisisAwesome!.app */ = {isa = PBXFileReference; explicitFileType = wrapper.application; includeInIndex = 0; path = "thisisAwesome!.app"; sourceTree = BUILT_PRODUCTS_DIR; };
		3511992D2ED1A8D9006A695B /* thisisAwesome! Watch App.app */ = {isa = PBXFileReference; explicitFileType = wrapper.application; includeInIndex = 0; path = "thisisAwesome! Watch App.app"; sourceTree = BUILT_PRODUCTS_DIR; };
		35FA8A662ED2EE5600859470 /* Accelerate.framework */ = {isa = PBXFileReference; lastKnownFileType = wrapper.framework; name = Accelerate.framework; path = Platforms/WatchOS.platform/Developer/SDKs/WatchOS26.1.sdk/System/Library/Frameworks/Accelerate.framework; sourceTree = DEVELOPER_DIR; };
		35FA8A6B2ED2EE7600859470 /* BackgroundTasks.framework */ = {isa = PBXFileReference; lastKnownFileType = wrapper.framework; name = BackgroundTasks.framework; path = Platforms/WatchOS.platform/Developer/SDKs/WatchOS26.1.sdk/System/Library/Frameworks/BackgroundTasks.framework; sourceTree = DEVELOPER_DIR; };
		35FA8A6D2ED2EEAE00859470 /* HealthKit.framework */ = {isa = PBXFileReference; lastKnownFileType = wrapper.framework; name = HealthKit.framework; path = Platforms/WatchOS.platform/Developer/SDKs/WatchOS26.1.sdk/System/Library/Frameworks/HealthKit.framework; sourceTree = DEVELOPER_DIR; };
		B1D9E0023E9D4E5BB7D3F001 /* thisisAwesome_iOSApp.swift */ = {isa = PBXFileReference; lastKnownFileType = sourcecode.swift; path = thisisAwesome_iOSApp.swift; sourceTree = "<group>"; };
		B1D9E0033E9D4E5BB7D3F001 /* ContentView.swift */ = {isa = PBXFileReference; lastKnownFileType = sourcecode.swift; path = ContentView.swift; sourceTree = "<group>"; };
		B1D9E0043E9D4E5BB7D3F001 /* DiveSummary.swift */ = {isa = PBXFileReference; lastKnownFileType = sourcecode.swift; path = DiveSummary.swift; sourceTree = "<group>"; };
		B1D9E0053E9D4E5BB7D3F001 /* PhoneConnectivityManager.swift */ = {isa = PBXFileReference; lastKnownFileType = sourcecode.swift; path = PhoneConnectivityManager.swift; sourceTree = "<group>"; };
		B1D9E0063E9D4E5BB7D3F001 /* Info.plist */ = {isa = PBXFileReference; lastKnownFileType = text.plist.xml; path = Info.plist; sourceTree = "<group>"; };
		B1D9E0073E9D4E5BB7D3F001 /* Assets.xcassets */ = {isa = PBXFileReference; lastKnownFileType = folder.assetcatalog; path = Assets.xcassets; sourceTree = "<group>"; };
/* End PBXFileReference section */

/* Begin PBXFileSystemSynchronizedRootGroup section */
		351199312ED1A8D9006A695B /* thisisAwesome! Watch App */ = {
			isa = PBXFileSystemSynchronizedRootGroup;
			path = "thisisAwesome! Watch App";
			sourceTree = "<group>";
		};
/* End PBXFileSystemSynchronizedRootGroup section */

/* Begin PBXFrameworksBuildPhase section */
		3511992A2ED1A8D9006A695B /* Frameworks */ = {
			isa = PBXFrameworksBuildPhase;
			buildActionMask = 2147483647;
			files = (
				35FA8A6E2ED2EEAE00859470 /* HealthKit.framework in Frameworks */,
				35FA8A682ED2EE5F00859470 /* Accelerate.framework in Frameworks */,
			);
			runOnlyForDeploymentPostprocessing = 0;
		};
		B1D9E0113E9D4E5BB7D3F001 /* Frameworks */ = {
			isa = PBXFrameworksBuildPhase;
			buildActionMask = 2147483647;
			files = (
			);
			runOnlyForDeploymentPostprocessing = 0;
		};
/* End PBXFrameworksBuildPhase section */

/* Begin PBXGroup section */
		351199202ED1A8D8006A695B = {
			isa = PBXGroup;
			children = (
				351199312ED1A8D9006A695B /* thisisAwesome! Watch App */,
				B1D9E0013E9D4E5BB7D3F001 /* thisisAwesome iOS */,
				35FA8A652ED2EE5500859470 /* Frameworks */,
				351199282ED1A8D9006A695B /* Products */,
			);
			sourceTree = "<group>";
		};
		351199282ED1A8D9006A695B /* Products */ = {
			isa = PBXGroup;
			children = (
				351199272ED1A8D9006A695B /* thisisAwesome!.app */,
				3511992D2ED1A8D9006A695B /* thisisAwesome! Watch App.app */,
			);
			name = Products;
			sourceTree = "<group>";
		};
		35FA8A652ED2EE5500859470 /* Frameworks */ = {
			isa = PBXGroup;
			children = (
				35FA8A6D2ED2EEAE00859470 /* HealthKit.framework */,
				35FA8A6B2ED2EE7600859470 /* BackgroundTasks.framework */,
				35FA8A662ED2EE5600859470 /* Accelerate.framework */,
			);
			name = Frameworks;
			sourceTree = "<group>";
		};
		B1D9E0013E9D4E5BB7D3F001 /* thisisAwesome iOS */ = {
			isa = PBXGroup;
			children = (
				B1D9E0023E9D4E5BB7D3F001 /* thisisAwesome_iOSApp.swift */,
				B1D9E0033E9D4E5BB7D3F001 /* ContentView.swift */,
				B1D9E0043E9D4E5BB7D3F001 /* DiveSummary.swift */,
				B1D9E0053E9D4E5BB7D3F001 /* PhoneConnectivityManager.swift */,
				B1D9E0073E9D4E5BB7D3F001 /* Assets.xcassets */,
				B1D9E0063E9D4E5BB7D3F001 /* Info.plist */,
			);
			path = "thisisAwesome iOS";
			sourceTree = "<group>";
		};
/* End PBXGroup section */

/* Begin PBXNativeTarget section */
		351199262ED1A8D9006A695B /* thisisAwesome! */ = {
			isa = PBXNativeTarget;
			buildConfigurationList = 3511993E2ED1A8DB006A695B /* Build configuration list for PBXNativeTarget "thisisAwesome!" */;
			buildPhases = (
				B1D9E0103E9D4E5BB7D3F001 /* Sources */,
				B1D9E0113E9D4E5BB7D3F001 /* Frameworks */,
				351199252ED1A8D9006A695B /* Resources */,
				3511993D2ED1A8DB006A695B /* Embed Watch Content */,
			);
			buildRules = (
			);
			dependencies = (
				351199302ED1A8D9006A695B /* PBXTargetDependency */,
			);
			name = "thisisAwesome!";
			packageProductDependencies = (
			);
			productName = "thisisAwesome!";
			productReference = 351199272ED1A8D9006A695B /* thisisAwesome!.app */;
			productType = "com.apple.product-type.application";
		};
		3511992C2ED1A8D9006A695B /* thisisAwesome! Watch App */ = {
			isa = PBXNativeTarget;
			buildConfigurationList = 3511993A2ED1A8DB006A695B /* Build configuration list for PBXNativeTarget "thisisAwesome! Watch App" */;
			buildPhases = (
				351199292ED1A8D9006A695B /* Sources */,
				3511992A2ED1A8D9006A695B /* Frameworks */,
				3511992B2ED1A8D9006A695B /* Resources */,
			);
			buildRules = (
			);
			dependencies = (
			);
			fileSystemSynchronizedGroups = (
				351199312ED1A8D9006A695B /* thisisAwesome! Watch App */,
			);
			name = "thisisAwesome! Watch App";
			packageProductDependencies = (
			);
			productName = "thisisAwesome! Watch App";
			productReference = 3511992D2ED1A8D9006A695B /* thisisAwesome! Watch App.app */;
			productType = "com.apple.product-type.application";
		};
/* End PBXNativeTarget section */

/* Begin PBXProject section */
		351199212ED1A8D8006A695B /* Project object */ = {
			isa = PBXProject;
			attributes = {
				BuildIndependentTargetsInParallel = 1;
				LastSwiftUpdateCheck = 2610;
				LastUpgradeCheck = 2610;
				TargetAttributes = {
					351199262ED1A8D9006A695B = {
						CreatedOnToolsVersion = 26.1.1;
					};
					3511992C2ED1A8D9006A695B = {
						CreatedOnToolsVersion = 26.1.1;
					};
				};
			};
			buildConfigurationList = 351199242ED1A8D8006A695B /* Build configuration list for PBXProject "thisisAwesome!" */;
			developmentRegion = en;
			hasScannedForEncodings = 0;
			knownRegions = (
				en,
				Base,
			);
			mainGroup = 351199202ED1A8D8006A695B;
			minimizedProjectReferenceProxies = 1;
			preferredProjectObjectVersion = 77;
			productRefGroup = 351199282ED1A8D9006A695B /* Products */;
			projectDirPath = "";
			projectRoot = "";
			targets = (
				351199262ED1A8D9006A695B /* thisisAwesome! */,
				3511992C2ED1A8D9006A695B /* thisisAwesome! Watch App */,
			);
		};
/* End PBXProject section */

/* Begin PBXResourcesBuildPhase section */
		351199252ED1A8D9006A695B /* Resources */ = {
			isa = PBXResourcesBuildPhase;
			buildActionMask = 2147483647;
			files = (
				B1D9E0253E9D4E5BB7D3F001 /* Assets.xcassets in Resources */,
			);
			runOnlyForDeploymentPostprocessing = 0;
		};
		3511992B2ED1A8D9006A695B /* Resources */ = {
			isa = PBXResourcesBuildPhase;
			buildActionMask = 2147483647;
			files = (
			);
			runOnlyForDeploymentPostprocessing = 0;
		};
/* End PBXResourcesBuildPhase section */

/* Begin PBXSourcesBuildPhase section */
		351199292ED1A8D9006A695B /* Sources */ = {
			isa = PBXSourcesBuildPhase;
			buildActionMask = 2147483647;
			files = (
			);
			runOnlyForDeploymentPostprocessing = 0;
		};
		B1D9E0103E9D4E5BB7D3F001 /* Sources */ = {
			isa = PBXSourcesBuildPhase;
			buildActionMask = 2147483647;
			files = (
				B1D9E0213E9D4E5BB7D3F001 /* thisisAwesome_iOSApp.swift in Sources */,
				B1D9E0223E9D4E5BB7D3F001 /* ContentView.swift in Sources */,
				B1D9E0233E9D4E5BB7D3F001 /* DiveSummary.swift in Sources */,
				B1D9E0243E9D4E5BB7D3F001 /* PhoneConnectivityManager.swift in Sources */,
			);
			runOnlyForDeploymentPostprocessing = 0;
		};
/* End PBXSourcesBuildPhase section */

/* Begin PBXTargetDependency section */
		351199302ED1A8D9006A695B /* PBXTargetDependency */ = {
			isa = PBXTargetDependency;
			target = 3511992C2ED1A8D9006A695B /* thisisAwesome! Watch App */;
			targetProxy = 3511992F2ED1A8D9006A695B /* PBXContainerItemProxy */;
		};
/* End PBXTargetDependency section */

/* Begin XCBuildConfiguration section */
		351199382ED1A8DB006A695B /* Debug */ = {
			isa = XCBuildConfiguration;
			buildSettings = {
				ALWAYS_SEARCH_USER_PATHS = NO;
				ASSETCATALOG_COMPILER_GENERATE_SWIFT_ASSET_SYMBOL_EXTENSIONS = YES;
				CLANG_ANALYZER_NONNULL = YES;
				CLANG_ANALYZER_NUMBER_OBJECT_CONVERSION = YES_AGGRESSIVE;
				CLANG_CXX_LANGUAGE_STANDARD = "gnu++20";
				CLANG_ENABLE_MODULES = YES;
				CLANG_ENABLE_OBJC_ARC = YES;
				CLANG_ENABLE_OBJC_WEAK = YES;
				CLANG_WARN_BLOCK_CAPTURE_AUTORELEASING = YES;
				CLANG_WARN_BOOL_CONVERSION = YES;
				CLANG_WARN_COMMA = YES;
				CLANG_WARN_CONSTANT_CONVERSION = YES;
				CLANG_WARN_DEPRECATED_OBJC_IMPLEMENTATIONS = YES;
				CLANG_WARN_DIRECT_OBJC_ISA_USAGE = YES_ERROR;
				CLANG_WARN_DOCUMENTATION_COMMENTS = YES;
				CLANG_WARN_EMPTY_BODY = YES;
				CLANG_WARN_ENUM_CONVERSION = YES;
				CLANG_WARN_INFINITE_RECURSION = YES;
				CLANG_WARN_INT_CONVERSION = YES;
				CLANG_WARN_NON_LITERAL_NULL_CONVERSION = YES;
				CLANG_WARN_OBJC_IMPLICIT_RETAIN_SELF = YES;
				CLANG_WARN_OBJC_LITERAL_CONVERSION = YES;
				CLANG_WARN_OBJC_ROOT_CLASS = YES_ERROR;
				CLANG_WARN_QUOTED_INCLUDE_IN_FRAMEWORK_HEADER = YES;
				CLANG_WARN_RANGE_LOOP_ANALYSIS = YES;
				CLANG_WARN_STRICT_PROTOTYPES = YES;
				CLANG_WARN_SUSPICIOUS_MOVE = YES;
				CLANG_WARN_UNGUARDED_AVAILABILITY = YES_AGGRESSIVE;
				CLANG_WARN_UNREACHABLE_CODE = YES;
				CLANG_WARN__DUPLICATE_METHOD_MATCH = YES;
				COPY_PHASE_STRIP = NO;
				DEBUG_INFORMATION_FORMAT = dwarf;
				DEVELOPMENT_TEAM = EXE73XVS27;
				ENABLE_STRICT_OBJC_MSGSEND = YES;
				ENABLE_TESTABILITY = YES;
				ENABLE_USER_SCRIPT_SANDBOXING = YES;
				GCC_C_LANGUAGE_STANDARD = gnu17;
				GCC_DYNAMIC_NO_PIC = NO;
				GCC_NO_COMMON_BLOCKS = YES;
				GCC_OPTIMIZATION_LEVEL = 0;
				GCC_PREPROCESSOR_DEFINITIONS = (
					"DEBUG=1",
					"$(inherited)",
				);
				GCC_WARN_64_TO_32_BIT_CONVERSION = YES;
				GCC_WARN_ABOUT_RETURN_TYPE = YES_ERROR;
				GCC_WARN_UNDECLARED_SELECTOR = YES;
				GCC_WARN_UNINITIALIZED_AUTOS = YES_AGGRESSIVE;
				GCC_WARN_UNUSED_FUNCTION = YES;
				GCC_WARN_UNUSED_VARIABLE = YES;
				LOCALIZATION_PREFERS_STRING_CATALOGS = YES;
				MTL_ENABLE_DEBUG_INFO = INCLUDE_SOURCE;
				MTL_FAST_MATH = YES;
				ONLY_ACTIVE_ARCH = YES;
				SWIFT_ACTIVE_COMPILATION_CONDITIONS = "DEBUG $(inherited)";
				SWIFT_OPTIMIZATION_LEVEL = "-Onone";
			};
			name = Debug;
		};
		351199392ED1A8DB006A695B /* Release */ = {
			isa = XCBuildConfiguration;
			buildSettings = {
				ALWAYS_SEARCH_USER_PATHS = NO;
				ASSETCATALOG_COMPILER_GENERATE_SWIFT_ASSET_SYMBOL_EXTENSIONS = YES;
				CLANG_ANALYZER_NONNULL = YES;
				CLANG_ANALYZER_NUMBER_OBJECT_CONVERSION = YES_AGGRESSIVE;
				CLANG_CXX_LANGUAGE_STANDARD = "gnu++20";
				CLANG_ENABLE_MODULES = YES;
				CLANG_ENABLE_OBJC_ARC = YES;
				CLANG_ENABLE_OBJC_WEAK = YES;
				CLANG_WARN_BLOCK_CAPTURE_AUTORELEASING = YES;
				CLANG_WARN_BOOL_CONVERSION = YES;
				CLANG_WARN_COMMA = YES;
				CLANG_WARN_CONSTANT_CONVERSION = YES;
				CLANG_WARN_DEPRECATED_OBJC_IMPLEMENTATIONS = YES;
				CLANG_WARN_DIRECT_OBJC_ISA_USAGE = YES_ERROR;
				CLANG_WARN_DOCUMENTATION_COMMENTS = YES;
				CLANG_WARN_EMPTY_BODY = YES;
				CLANG_WARN_ENUM_CONVERSION = YES;
				CLANG_WARN_INFINITE_RECURSION = YES;
				CLANG_WARN_INT_CONVERSION = YES;
				CLANG_WARN_NON_LITERAL_NULL_CONVERSION = YES;
				CLANG_WARN_OBJC_IMPLICIT_RETAIN_SELF = YES;
				CLANG_WARN_OBJC_LITERAL_CONVERSION = YES;
				CLANG_WARN_OBJC_ROOT_CLASS = YES_ERROR;
				CLANG_WARN_QUOTED_INCLUDE_IN_FRAMEWORK_HEADER = YES;
				CLANG_WARN_RANGE_LOOP_ANALYSIS = YES;
				CLANG_WARN_STRICT_PROTOTYPES = YES;
				CLANG_WARN_SUSPICIOUS_MOVE = YES;
				CLANG_WARN_UNGUARDED_AVAILABILITY = YES_AGGRESSIVE;
				CLANG_WARN_UNREACHABLE_CODE = YES;
				CLANG_WARN__DUPLICATE_METHOD_MATCH = YES;
				COPY_PHASE_STRIP = NO;
				DEBUG_INFORMATION_FORMAT = "dwarf-with-dsym";
				DEVELOPMENT_TEAM = EXE73XVS27;
				ENABLE_NS_ASSERTIONS = NO;
				ENABLE_STRICT_OBJC_MSGSEND = YES;
				ENABLE_USER_SCRIPT_SANDBOXING = YES;
				GCC_C_LANGUAGE_STANDARD = gnu17;
				GCC_NO_COMMON_BLOCKS = YES;
				GCC_WARN_64_TO_32_BIT_CONVERSION = YES;
				GCC_WARN_ABOUT_RETURN_TYPE = YES_ERROR;
				GCC_WARN_UNDECLARED_SELECTOR = YES;
				GCC_WARN_UNINITIALIZED_AUTOS = YES_AGGRESSIVE;
				GCC_WARN_UNUSED_FUNCTION = YES;
				GCC_WARN_UNUSED_VARIABLE = YES;
				LOCALIZATION_PREFERS_STRING_CATALOGS = YES;
				MTL_ENABLE_DEBUG_INFO = NO;
				MTL_FAST_MATH = YES;
				SWIFT_COMPILATION_MODE = wholemodule;
			};
			name = Release;
		};
		3511993B2ED1A8DB006A695B /* Debug */ = {
			isa = XCBuildConfiguration;
			buildSettings = {
				ASSETCATALOG_COMPILER_APPICON_NAME = AppIcon;
				ASSETCATALOG_COMPILER_GLOBAL_ACCENT_COLOR_NAME = AccentColor;
				CODE_SIGN_ENTITLEMENTS = "thisisAwesome! Watch App/thisisAwesome_App.entitlements";
				CODE_SIGN_IDENTITY = "Apple Development";
				CODE_SIGN_STYLE = Automatic;
				CURRENT_PROJECT_VERSION = 1;
				DEVELOPMENT_ASSET_PATHS = "";
				DEVELOPMENT_TEAM = EXE73XVS27;
				ENABLE_PREVIEWS = YES;
				GENERATE_INFOPLIST_FILE = NO;
				INFOPLIST_FILE = "thisisAwesome-Watch-App-Info.plist";
				INFOPLIST_KEY_CFBundleDisplayName = "thisisAwesome!";
				INFOPLIST_KEY_UISupportedInterfaceOrientations = "UIInterfaceOrientationPortrait UIInterfaceOrientationPortraitUpsideDown";
				INFOPLIST_KEY_WKWatchOnly = YES;
				LD_RUNPATH_SEARCH_PATHS = (
					"$(inherited)",
					"@executable_path/Frameworks",
				);
				MARKETING_VERSION = 1.0;
				PRODUCT_BUNDLE_IDENTIFIER = "com.ryan-wang.thisisAwesome-.watchkitapp";
				PRODUCT_NAME = "$(TARGET_NAME)";
				PROVISIONING_PROFILE_SPECIFIER = "";
				SDKROOT = watchos;
				SKIP_INSTALL = YES;
				STRING_CATALOG_GENERATE_SYMBOLS = YES;
				SWIFT_APPROACHABLE_CONCURRENCY = YES;
				SWIFT_DEFAULT_ACTOR_ISOLATION = MainActor;
				SWIFT_EMIT_LOC_STRINGS = YES;
				SWIFT_UPCOMING_FEATURE_MEMBER_IMPORT_VISIBILITY = YES;
				SWIFT_VERSION = 5.0;
				TARGETED_DEVICE_FAMILY = 4;
				WATCHOS_DEPLOYMENT_TARGET = 11.6;
			};
			name = Debug;
		};
		3511993C2ED1A8DB006A695B /* Release */ = {
			isa = XCBuildConfiguration;
			buildSettings = {
				ASSETCATALOG_COMPILER_APPICON_NAME = AppIcon;
				ASSETCATALOG_COMPILER_GLOBAL_ACCENT_COLOR_NAME = AccentColor;
				CODE_SIGN_ENTITLEMENTS = "thisisAwesome! Watch App/thisisAwesome_App.entitlements";
				CODE_SIGN_IDENTITY = "Apple Development";
				CODE_SIGN_STYLE = Automatic;
				CURRENT_PROJECT_VERSION = 1;
				DEVELOPMENT_ASSET_PATHS = "";
				DEVELOPMENT_TEAM = EXE73XVS27;
				ENABLE_PREVIEWS = YES;
				GENERATE_INFOPLIST_FILE = NO;
				INFOPLIST_FILE = "thisisAwesome-Watch-App-Info.plist";
				INFOPLIST_KEY_CFBundleDisplayName = "thisisAwesome!";
				INFOPLIST_KEY_UISupportedInterfaceOrientations = "UIInterfaceOrientationPortrait UIInterfaceOrientationPortraitUpsideDown";
				INFOPLIST_KEY_WKWatchOnly = YES;
				LD_RUNPATH_SEARCH_PATHS = (
					"$(inherited)",
					"@executable_path/Frameworks",
				);
				MARKETING_VERSION = 1.0;
				PRODUCT_BUNDLE_IDENTIFIER = "com.ryan-wang.thisisAwesome-.watchkitapp";
				PRODUCT_NAME = "$(TARGET_NAME)";
				PROVISIONING_PROFILE_SPECIFIER = "";
				SDKROOT = watchos;
				SKIP_INSTALL = YES;
				STRING_CATALOG_GENERATE_SYMBOLS = YES;
				SWIFT_APPROACHABLE_CONCURRENCY = YES;
				SWIFT_DEFAULT_ACTOR_ISOLATION = MainActor;
				SWIFT_EMIT_LOC_STRINGS = YES;
				SWIFT_UPCOMING_FEATURE_MEMBER_IMPORT_VISIBILITY = YES;
				SWIFT_VERSION = 5.0;
				TARGETED_DEVICE_FAMILY = 4;
				VALIDATE_PRODUCT = YES;
				WATCHOS_DEPLOYMENT_TARGET = 11.6;
			};
			name = Release;
		};
		3511993F2ED1A8DB006A695B /* Debug */ = {
			isa = XCBuildConfiguration;
			buildSettings = {
				ASSETCATALOG_COMPILER_APPICON_NAME = AppIcon;
				ASSETCATALOG_COMPILER_GLOBAL_ACCENT_COLOR_NAME = AccentColor;
				CODE_SIGN_STYLE = Automatic;
				CURRENT_PROJECT_VERSION = 1;
				DEVELOPMENT_TEAM = EXE73XVS27;
				ENABLE_PREVIEWS = YES;
				GENERATE_INFOPLIST_FILE = NO;
				INFOPLIST_FILE = "thisisAwesome iOS/Info.plist";
				INFOPLIST_KEY_CFBundleDisplayName = "thisisAwesome!";
				IPHONEOS_DEPLOYMENT_TARGET = 17.0;
				MARKETING_VERSION = 1.0;
				PRODUCT_BUNDLE_IDENTIFIER = "com.ryan-wang.thisisAwesome-";
				PRODUCT_NAME = "$(TARGET_NAME)";
				SDKROOT = iphoneos;
				SWIFT_APPROACHABLE_CONCURRENCY = YES;
				SWIFT_UPCOMING_FEATURE_MEMBER_IMPORT_VISIBILITY = YES;
				SWIFT_VERSION = 5.0;
				TARGETED_DEVICE_FAMILY = 1;
			};
			name = Debug;
		};
		351199402ED1A8DB006A695B /* Release */ = {
			isa = XCBuildConfiguration;
			buildSettings = {
				ASSETCATALOG_COMPILER_APPICON_NAME = AppIcon;
				ASSETCATALOG_COMPILER_GLOBAL_ACCENT_COLOR_NAME = AccentColor;
				CODE_SIGN_STYLE = Automatic;
				CURRENT_PROJECT_VERSION = 1;
				DEVELOPMENT_TEAM = EXE73XVS27;
				ENABLE_PREVIEWS = YES;
				GENERATE_INFOPLIST_FILE = NO;
				INFOPLIST_FILE = "thisisAwesome iOS/Info.plist";
				INFOPLIST_KEY_CFBundleDisplayName = "thisisAwesome!";
				IPHONEOS_DEPLOYMENT_TARGET = 17.0;
				MARKETING_VERSION = 1.0;
				PRODUCT_BUNDLE_IDENTIFIER = "com.ryan-wang.thisisAwesome-";
				PRODUCT_NAME = "$(TARGET_NAME)";
				SDKROOT = iphoneos;
				SWIFT_APPROACHABLE_CONCURRENCY = YES;
				SWIFT_UPCOMING_FEATURE_MEMBER_IMPORT_VISIBILITY = YES;
				SWIFT_VERSION = 5.0;
				VALIDATE_PRODUCT = YES;
				TARGETED_DEVICE_FAMILY = 1;
			};
			name = Release;
		};
/* End XCBuildConfiguration section */

/* Begin XCConfigurationList section */
		351199242ED1A8D8006A695B /* Build configuration list for PBXProject "thisisAwesome!" */ = {
			isa = XCConfigurationList;
			buildConfigurations = (
				351199382ED1A8DB006A695B /* Debug */,
				351199392ED1A8DB006A695B /* Release */,
			);
			defaultConfigurationIsVisible = 0;
			defaultConfigurationName = Debug;
		};
		3511993A2ED1A8DB006A695B /* Build configuration list for PBXNativeTarget "thisisAwesome! Watch App" */ = {
			isa = XCConfigurationList;
			buildConfigurations = (
				3511993B2ED1A8DB006A695B /* Debug */,
				3511993C2ED1A8DB006A695B /* Release */,
			);
			defaultConfigurationIsVisible = 0;
			defaultConfigurationName = Debug;
		};
		3511993E2ED1A8DB006A695B /* Build configuration list for PBXNativeTarget "thisisAwesome!" */ = {
			isa = XCConfigurationList;
			buildConfigurations = (
				3511993F2ED1A8DB006A695B /* Debug */,
				351199402ED1A8DB006A695B /* Release */,
			);
			defaultConfigurationIsVisible = 0;
			defaultConfigurationName = Debug;
		};
/* End XCConfigurationList section */
	};
	rootObject = 351199212ED1A8D8006A695B /* Project object */;
}
